// !$*UTF8*$!
{
	archiveVersion = 1;
	classes = {
	};
	objectVersion = 56;
	objects = {

/* Begin PBXBuildFile section */
		6E23CA0B2C5B32E100EADBAC /* TelegramLikeSharedViewApp.swift in Sources */ = {isa = PBXBuildFile; fileRef = 6E23CA0A2C5B32E100EADBAC /* TelegramLikeSharedViewApp.swift */; };
		6E23CA0D2C5B32E100EADBAC /* ContentView.swift in Sources */ = {isa = PBXBuildFile; fileRef = 6E23CA0C2C5B32E100EADBAC /* ContentView.swift */; };
		6E23CA0F2C5B32E100EADBAC /* Assets.xcassets in Resources */ = {isa = PBXBuildFile; fileRef = 6E23CA0E2C5B32E100EADBAC /* Assets.xcassets */; };
		6E23CA132C5B32E100EADBAC /* Preview Assets.xcassets in Resources */ = {isa = PBXBuildFile; fileRef = 6E23CA122C5B32E100EADBAC /* Preview Assets.xcassets */; };
		6E23CA202C5B32FA00EADBAC /* ShareViewController.swift in Sources */ = {isa = PBXBuildFile; fileRef = 6E23CA1F2C5B32FA00EADBAC /* ShareViewController.swift */; };
		6E23CA232C5B32FA00EADBAC /* Base in Resources */ = {isa = PBXBuildFile; fileRef = 6E23CA222C5B32FA00EADBAC /* Base */; };
		6E23CA272C5B32FA00EADBAC /* Share.appex in Embed Foundation Extensions */ = {isa = PBXBuildFile; fileRef = 6E23CA1D2C5B32F900EADBAC /* Share.appex */; settings = {ATTRIBUTES = (RemoveHeadersOnCopy, ); }; };
		6E23CA2E2C5B33B300EADBAC /* ShareView.swift in Sources */ = {isa = PBXBuildFile; fileRef = 6E23CA2D2C5B33B300EADBAC /* ShareView.swift */; };
		6E23CA302C5B340600EADBAC /* SharedText.swift in Sources */ = {isa = PBXBuildFile; fileRef = 6E23CA2F2C5B340600EADBAC /* SharedText.swift */; };
		6E23CA312C5B341300EADBAC /* SharedText.swift in Sources */ = {isa = PBXBuildFile; fileRef = 6E23CA2F2C5B340600EADBAC /* SharedText.swift */; };
/* End PBXBuildFile section */

/* Begin PBXContainerItemProxy section */
		6E23CA252C5B32FA00EADBAC /* PBXContainerItemProxy */ = {
			isa = PBXContainerItemProxy;
			containerPortal = 6E23C9FF2C5B32E100EADBAC /* Project object */;
			proxyType = 1;
			remoteGlobalIDString = 6E23CA1C2C5B32F900EADBAC;
			remoteInfo = Share;
		};
/* End PBXContainerItemProxy section */

/* Begin PBXCopyFilesBuildPhase section */
		6E23CA2B2C5B32FA00EADBAC /* Embed Foundation Extensions */ = {
			isa = PBXCopyFilesBuildPhase;
			buildActionMask = 2147483647;
			dstPath = "";
			dstSubfolderSpec = 13;
			files = (
				6E23CA272C5B32FA00EADBAC /* Share.appex in Embed Foundation Extensions */,
			);
			name = "Embed Foundation Extensions";
			runOnlyForDeploymentPostprocessing = 0;
		};
/* End PBXCopyFilesBuildPhase section */

/* Begin PBXFileReference section */
		6E23CA072C5B32E100EADBAC /* TelegramLikeSharedView.app */ = {isa = PBXFileReference; explicitFileType = wrapper.application; includeInIndex = 0; path = TelegramLikeSharedView.app; sourceTree = BUILT_PRODUCTS_DIR; };
		6E23CA0A2C5B32E100EADBAC /* TelegramLikeSharedViewApp.swift */ = {isa = PBXFileReference; lastKnownFileType = sourcecode.swift; path = TelegramLikeSharedViewApp.swift; sourceTree = "<group>"; };
		6E23CA0C2C5B32E100EADBAC /* ContentView.swift */ = {isa = PBXFileReference; lastKnownFileType = sourcecode.swift; path = ContentView.swift; sourceTree = "<group>"; };
		6E23CA0E2C5B32E100EADBAC /* Assets.xcassets */ = {isa = PBXFileReference; lastKnownFileType = folder.assetcatalog; path = Assets.xcassets; sourceTree = "<group>"; };
		6E23CA102C5B32E100EADBAC /* TelegramLikeSharedView.entitlements */ = {isa = PBXFileReference; lastKnownFileType = text.plist.entitlements; path = TelegramLikeSharedView.entitlements; sourceTree = "<group>"; };
		6E23CA122C5B32E100EADBAC /* Preview Assets.xcassets */ = {isa = PBXFileReference; lastKnownFileType = folder.assetcatalog; path = "Preview Assets.xcassets"; sourceTree = "<group>"; };
		6E23CA1D2C5B32F900EADBAC /* Share.appex */ = {isa = PBXFileReference; explicitFileType = "wrapper.app-extension"; includeInIndex = 0; path = Share.appex; sourceTree = BUILT_PRODUCTS_DIR; };
		6E23CA1F2C5B32FA00EADBAC /* ShareViewController.swift */ = {isa = PBXFileReference; lastKnownFileType = sourcecode.swift; path = ShareViewController.swift; sourceTree = "<group>"; };
		6E23CA222C5B32FA00EADBAC /* Base */ = {isa = PBXFileReference; lastKnownFileType = file.storyboard; name = Base; path = Base.lproj/MainInterface.storyboard; sourceTree = "<group>"; };
		6E23CA242C5B32FA00EADBAC /* Info.plist */ = {isa = PBXFileReference; lastKnownFileType = text.plist.xml; path = Info.plist; sourceTree = "<group>"; };
		6E23CA2C2C5B332000EADBAC /* Share.entitlements */ = {isa = PBXFileReference; lastKnownFileType = text.plist.entitlements; path = Share.entitlements; sourceTree = "<group>"; };
		6E23CA2D2C5B33B300EADBAC /* ShareView.swift */ = {isa = PBXFileReference; lastKnownFileType = sourcecode.swift; path = ShareView.swift; sourceTree = "<group>"; };
		6E23CA2F2C5B340600EADBAC /* SharedText.swift */ = {isa = PBXFileReference; lastKnownFileType = sourcecode.swift; path = SharedText.swift; sourceTree = "<group>"; };
/* End PBXFileReference section */

/* Begin PBXFrameworksBuildPhase section */
		6E23CA042C5B32E100EADBAC /* Frameworks */ = {
			isa = PBXFrameworksBuildPhase;
			buildActionMask = 2147483647;
			files = (
			);
			runOnlyForDeploymentPostprocessing = 0;
		};
		6E23CA1A2C5B32F900EADBAC /* Frameworks */ = {
			isa = PBXFrameworksBuildPhase;
			buildActionMask = 2147483647;
			files = (
			);
			runOnlyForDeploymentPostprocessing = 0;
		};
/* End PBXFrameworksBuildPhase section */

/* Begin PBXGroup section */
		6E23C9FE2C5B32E100EADBAC = {
			isa = PBXGroup;
			children = (
				6E23CA092C5B32E100EADBAC /* TelegramLikeSharedView */,
				6E23CA1E2C5B32FA00EADBAC /* Share */,
				6E23CA082C5B32E100EADBAC /* Products */,
			);
			sourceTree = "<group>";
		};
		6E23CA082C5B32E100EADBAC /* Products */ = {
			isa = PBXGroup;
			children = (
				6E23CA072C5B32E100EADBAC /* TelegramLikeSharedView.app */,
				6E23CA1D2C5B32F900EADBAC /* Share.appex */,
			);
			name = Products;
			sourceTree = "<group>";
		};
		6E23CA092C5B32E100EADBAC /* TelegramLikeSharedView */ = {
			isa = PBXGroup;
			children = (
				6E23CA0A2C5B32E100EADBAC /* TelegramLikeSharedViewApp.swift */,
				6E23CA0C2C5B32E100EADBAC /* ContentView.swift */,
				6E23CA0E2C5B32E100EADBAC /* Assets.xcassets */,
				6E23CA102C5B32E100EADBAC /* TelegramLikeSharedView.entitlements */,
				6E23CA112C5B32E100EADBAC /* Preview Content */,
				6E23CA2F2C5B340600EADBAC /* SharedText.swift */,
			);
			path = TelegramLikeSharedView;
			sourceTree = "<group>";
		};
		6E23CA112C5B32E100EADBAC /* Preview Content */ = {
			isa = PBXGroup;
			children = (
				6E23CA122C5B32E100EADBAC /* Preview Assets.xcassets */,
			);
			path = "Preview Content";
			sourceTree = "<group>";
		};
		6E23CA1E2C5B32FA00EADBAC /* Share */ = {
			isa = PBXGroup;
			children = (
				6E23CA2C2C5B332000EADBAC /* Share.entitlements */,
				6E23CA1F2C5B32FA00EADBAC /* ShareViewController.swift */,
				6E23CA212C5B32FA00EADBAC /* MainInterface.storyboard */,
				6E23CA242C5B32FA00EADBAC /* Info.plist */,
				6E23CA2D2C5B33B300EADBAC /* ShareView.swift */,
			);
			path = Share;
			sourceTree = "<group>";
		};
/* End PBXGroup section */

/* Begin PBXNativeTarget section */
		6E23CA062C5B32E100EADBAC /* TelegramLikeSharedView */ = {
			isa = PBXNativeTarget;
			buildConfigurationList = 6E23CA162C5B32E100EADBAC /* Build configuration list for PBXNativeTarget "TelegramLikeSharedView" */;
			buildPhases = (
				6E23CA032C5B32E100EADBAC /* Sources */,
				6E23CA042C5B32E100EADBAC /* Frameworks */,
				6E23CA052C5B32E100EADBAC /* Resources */,
				6E23CA2B2C5B32FA00EADBAC /* Embed Foundation Extensions */,
			);
			buildRules = (
			);
			dependencies = (
				6E23CA262C5B32FA00EADBAC /* PBXTargetDependency */,
			);
			name = TelegramLikeSharedView;
			productName = TelegramLikeSharedView;
			productReference = 6E23CA072C5B32E100EADBAC /* TelegramLikeSharedView.app */;
			productType = "com.apple.product-type.application";
		};
		6E23CA1C2C5B32F900EADBAC /* Share */ = {
			isa = PBXNativeTarget;
			buildConfigurationList = 6E23CA282C5B32FA00EADBAC /* Build configuration list for PBXNativeTarget "Share" */;
			buildPhases = (
				6E23CA192C5B32F900EADBAC /* Sources */,
				6E23CA1A2C5B32F900EADBAC /* Frameworks */,
				6E23CA1B2C5B32F900EADBAC /* Resources */,
			);
			buildRules = (
			);
			dependencies = (
			);
			name = Share;
			productName = Share;
			productReference = 6E23CA1D2C5B32F900EADBAC /* Share.appex */;
			productType = "com.apple.product-type.app-extension";
		};
/* End PBXNativeTarget section */

/* Begin PBXProject section */
		6E23C9FF2C5B32E100EADBAC /* Project object */ = {
			isa = PBXProject;
			attributes = {
				BuildIndependentTargetsInParallel = 1;
				LastSwiftUpdateCheck = 1540;
				LastUpgradeCheck = 1540;
				TargetAttributes = {
					6E23CA062C5B32E100EADBAC = {
						CreatedOnToolsVersion = 15.4;
					};
					6E23CA1C2C5B32F900EADBAC = {
						CreatedOnToolsVersion = 15.4;
					};
				};
			};
			buildConfigurationList = 6E23CA022C5B32E100EADBAC /* Build configuration list for PBXProject "TelegramLikeSharedView" */;
			compatibilityVersion = "Xcode 14.0";
			developmentRegion = en;
			hasScannedForEncodings = 0;
			knownRegions = (
				en,
				Base,
			);
			mainGroup = 6E23C9FE2C5B32E100EADBAC;
			productRefGroup = 6E23CA082C5B32E100EADBAC /* Products */;
			projectDirPath = "";
			projectRoot = "";
			targets = (
				6E23CA062C5B32E100EADBAC /* TelegramLikeSharedView */,
				6E23CA1C2C5B32F900EADBAC /* Share */,
			);
		};
/* End PBXProject section */

/* Begin PBXResourcesBuildPhase section */
		6E23CA052C5B32E100EADBAC /* Resources */ = {
			isa = PBXResourcesBuildPhase;
			buildActionMask = 2147483647;
			files = (
				6E23CA132C5B32E100EADBAC /* Preview Assets.xcassets in Resources */,
				6E23CA0F2C5B32E100EADBAC /* Assets.xcassets in Resources */,
			);
			runOnlyForDeploymentPostprocessing = 0;
		};
		6E23CA1B2C5B32F900EADBAC /* Resources */ = {
			isa = PBXResourcesBuildPhase;
			buildActionMask = 2147483647;
			files = (
				6E23CA232C5B32FA00EADBAC /* Base in Resources */,
			);
			runOnlyForDeploymentPostprocessing = 0;
		};
/* End PBXResourcesBuildPhase section */

/* Begin PBXSourcesBuildPhase section */
		6E23CA032C5B32E100EADBAC /* Sources */ = {
			isa = PBXSourcesBuildPhase;
			buildActionMask = 2147483647;
			files = (
				6E23CA0D2C5B32E100EADBAC /* ContentView.swift in Sources */,
				6E23CA302C5B340600EADBAC /* SharedText.swift in Sources */,
				6E23CA0B2C5B32E100EADBAC /* TelegramLikeSharedViewApp.swift in Sources */,
			);
			runOnlyForDeploymentPostprocessing = 0;
		};
		6E23CA192C5B32F900EADBAC /* Sources */ = {
			isa = PBXSourcesBuildPhase;
			buildActionMask = 2147483647;
			files = (
				6E23CA2E2C5B33B300EADBAC /* ShareView.swift in Sources */,
				6E23CA312C5B341300EADBAC /* SharedText.swift in Sources */,
				6E23CA202C5B32FA00EADBAC /* ShareViewController.swift in Sources */,
			);
			runOnlyForDeploymentPostprocessing = 0;
		};
/* End PBXSourcesBuildPhase section */

/* Begin PBXTargetDependency section */
		6E23CA262C5B32FA00EADBAC /* PBXTargetDependency */ = {
			isa = PBXTargetDependency;
			target = 6E23CA1C2C5B32F900EADBAC /* Share */;
			targetProxy = 6E23CA252C5B32FA00EADBAC /* PBXContainerItemProxy */;
		};
/* End PBXTargetDependency section */

/* Begin PBXVariantGroup section */
		6E23CA212C5B32FA00EADBAC /* MainInterface.storyboard */ = {
			isa = PBXVariantGroup;
			children = (
				6E23CA222C5B32FA00EADBAC /* Base */,
			);
			name = MainInterface.storyboard;
			sourceTree = "<group>";
		};
/* End PBXVariantGroup section */

/* Begin XCBuildConfiguration section */
		6E23CA142C5B32E100EADBAC /* Debug */ = {
			isa = XCBuildConfiguration;
			buildSettings = {
				ALWAYS_SEARCH_USER_PATHS = NO;
				ASSETCATALOG_COMPILER_GENERATE_SWIFT_ASSET_SYMBOL_EXTENSIONS = YES;
				CLANG_ANALYZER_NONNULL = YES;
				CLANG_ANALYZER_NUMBER_OBJECT_CONVERSION = YES_AGGRESSIVE;
				CLANG_CXX_LANGUAGE_STANDARD = "gnu++20";
				CLANG_ENABLE_MODULES = YES;
				CLANG_ENABLE_OBJC_ARC = YES;
				CLANG_ENABLE_OBJC_WEAK = YES;
				CLANG_WARN_BLOCK_CAPTURE_AUTORELEASING = YES;
				CLANG_WARN_BOOL_CONVERSION = YES;
				CLANG_WARN_COMMA = YES;
				CLANG_WARN_CONSTANT_CONVERSION = YES;
				CLANG_WARN_DEPRECATED_OBJC_IMPLEMENTATIONS = YES;
				CLANG_WARN_DIRECT_OBJC_ISA_USAGE = YES_ERROR;
				CLANG_WARN_DOCUMENTATION_COMMENTS = YES;
				CLANG_WARN_EMPTY_BODY = YES;
				CLANG_WARN_ENUM_CONVERSION = YES;
				CLANG_WARN_INFINITE_RECURSION = YES;
				CLANG_WARN_INT_CONVERSION = YES;
				CLANG_WARN_NON_LITERAL_NULL_CONVERSION = YES;
				CLANG_WARN_OBJC_IMPLICIT_RETAIN_SELF = YES;
				CLANG_WARN_OBJC_LITERAL_CONVERSION = YES;
				CLANG_WARN_OBJC_ROOT_CLASS = YES_ERROR;
				CLANG_WARN_QUOTED_INCLUDE_IN_FRAMEWORK_HEADER = YES;
				CLANG_WARN_RANGE_LOOP_ANALYSIS = YES;
				CLANG_WARN_STRICT_PROTOTYPES = YES;
				CLANG_WARN_SUSPICIOUS_MOVE = YES;
				CLANG_WARN_UNGUARDED_AVAILABILITY = YES_AGGRESSIVE;
				CLANG_WARN_UNREACHABLE_CODE = YES;
				CLANG_WARN__DUPLICATE_METHOD_MATCH = YES;
				COPY_PHASE_STRIP = NO;
				DEBUG_INFORMATION_FORMAT = dwarf;
				ENABLE_STRICT_OBJC_MSGSEND = YES;
				ENABLE_TESTABILITY = YES;
				ENABLE_USER_SCRIPT_SANDBOXING = YES;
				GCC_C_LANGUAGE_STANDARD = gnu17;
				GCC_DYNAMIC_NO_PIC = NO;
				GCC_NO_COMMON_BLOCKS = YES;
				GCC_OPTIMIZATION_LEVEL = 0;
				GCC_PREPROCESSOR_DEFINITIONS = (
					"DEBUG=1",
					"$(inherited)",
				);
				GCC_WARN_64_TO_32_BIT_CONVERSION = YES;
				GCC_WARN_ABOUT_RETURN_TYPE = YES_ERROR;
				GCC_WARN_UNDECLARED_SELECTOR = YES;
				GCC_WARN_UNINITIALIZED_AUTOS = YES_AGGRESSIVE;
				GCC_WARN_UNUSED_FUNCTION = YES;
				GCC_WARN_UNUSED_VARIABLE = YES;
				LOCALIZATION_PREFERS_STRING_CATALOGS = YES;
				MTL_ENABLE_DEBUG_INFO = INCLUDE_SOURCE;
				MTL_FAST_MATH = YES;
				ONLY_ACTIVE_ARCH = YES;
				SWIFT_ACTIVE_COMPILATION_CONDITIONS = "DEBUG $(inherited)";
				SWIFT_OPTIMIZATION_LEVEL = "-Onone";
			};
			name = Debug;
		};
		6E23CA152C5B32E100EADBAC /* Release */ = {
			isa = XCBuildConfiguration;
			buildSettings = {
				ALWAYS_SEARCH_USER_PATHS = NO;
				ASSETCATALOG_COMPILER_GENERATE_SWIFT_ASSET_SYMBOL_EXTENSIONS = YES;
				CLANG_ANALYZER_NONNULL = YES;
				CLANG_ANALYZER_NUMBER_OBJECT_CONVERSION = YES_AGGRESSIVE;
				CLANG_CXX_LANGUAGE_STANDARD = "gnu++20";
				CLANG_ENABLE_MODULES = YES;
				CLANG_ENABLE_OBJC_ARC = YES;
				CLANG_ENABLE_OBJC_WEAK = YES;
				CLANG_WARN_BLOCK_CAPTURE_AUTORELEASING = YES;
				CLANG_WARN_BOOL_CONVERSION = YES;
				CLANG_WARN_COMMA = YES;
				CLANG_WARN_CONSTANT_CONVERSION = YES;
				CLANG_WARN_DEPRECATED_OBJC_IMPLEMENTATIONS = YES;
				CLANG_WARN_DIRECT_OBJC_ISA_USAGE = YES_ERROR;
				CLANG_WARN_DOCUMENTATION_COMMENTS = YES;
				CLANG_WARN_EMPTY_BODY = YES;
				CLANG_WARN_ENUM_CONVERSION = YES;
				CLANG_WARN_INFINITE_RECURSION = YES;
				CLANG_WARN_INT_CONVERSION = YES;
				CLANG_WARN_NON_LITERAL_NULL_CONVERSION = YES;
				CLANG_WARN_OBJC_IMPLICIT_RETAIN_SELF = YES;
				CLANG_WARN_OBJC_LITERAL_CONVERSION = YES;
				CLANG_WARN_OBJC_ROOT_CLASS = YES_ERROR;
				CLANG_WARN_QUOTED_INCLUDE_IN_FRAMEWORK_HEADER = YES;
				CLANG_WARN_RANGE_LOOP_ANALYSIS = YES;
				CLANG_WARN_STRICT_PROTOTYPES = YES;
				CLANG_WARN_SUSPICIOUS_MOVE = YES;
				CLANG_WARN_UNGUARDED_AVAILABILITY = YES_AGGRESSIVE;
				CLANG_WARN_UNREACHABLE_CODE = YES;
				CLANG_WARN__DUPLICATE_METHOD_MATCH = YES;
				COPY_PHASE_STRIP = NO;
				DEBUG_INFORMATION_FORMAT = "dwarf-with-dsym";
				ENABLE_NS_ASSERTIONS = NO;
				ENABLE_STRICT_OBJC_MSGSEND = YES;
				ENABLE_USER_SCRIPT_SANDBOXING = YES;
				GCC_C_LANGUAGE_STANDARD = gnu17;
				GCC_NO_COMMON_BLOCKS = YES;
				GCC_WARN_64_TO_32_BIT_CONVERSION = YES;
				GCC_WARN_ABOUT_RETURN_TYPE = YES_ERROR;
				GCC_WARN_UNDECLARED_SELECTOR = YES;
				GCC_WARN_UNINITIALIZED_AUTOS = YES_AGGRESSIVE;
				GCC_WARN_UNUSED_FUNCTION = YES;
				GCC_WARN_UNUSED_VARIABLE = YES;
				LOCALIZATION_PREFERS_STRING_CATALOGS = YES;
				MTL_ENABLE_DEBUG_INFO = NO;
				MTL_FAST_MATH = YES;
				SWIFT_COMPILATION_MODE = wholemodule;
			};
			name = Release;
		};
		6E23CA172C5B32E100EADBAC /* Debug */ = {
			isa = XCBuildConfiguration;
			buildSettings = {
				ALWAYS_EMBED_SWIFT_STANDARD_LIBRARIES = YES;
				ASSETCATALOG_COMPILER_APPICON_NAME = AppIcon;
				ASSETCATALOG_COMPILER_GLOBAL_ACCENT_COLOR_NAME = AccentColor;
				CODE_SIGN_ENTITLEMENTS = TelegramLikeSharedView/TelegramLikeSharedView.entitlements;
				CODE_SIGN_STYLE = Automatic;
				CURRENT_PROJECT_VERSION = 1;
				DEVELOPMENT_ASSET_PATHS = "\"TelegramLikeSharedView/Preview Content\"";
				DEVELOPMENT_TEAM = BMU5QSBAWB;
				ENABLE_HARDENED_RUNTIME = YES;
				ENABLE_PREVIEWS = YES;
				GENERATE_INFOPLIST_FILE = YES;
				"INFOPLIST_KEY_UIApplicationSceneManifest_Generation[sdk=iphoneos*]" = YES;
				"INFOPLIST_KEY_UIApplicationSceneManifest_Generation[sdk=iphonesimulator*]" = YES;
				"INFOPLIST_KEY_UIApplicationSupportsIndirectInputEvents[sdk=iphoneos*]" = YES;
				"INFOPLIST_KEY_UIApplicationSupportsIndirectInputEvents[sdk=iphonesimulator*]" = YES;
				"INFOPLIST_KEY_UILaunchScreen_Generation[sdk=iphoneos*]" = YES;
				"INFOPLIST_KEY_UILaunchScreen_Generation[sdk=iphonesimulator*]" = YES;
				"INFOPLIST_KEY_UIStatusBarStyle[sdk=iphoneos*]" = UIStatusBarStyleDefault;
				"INFOPLIST_KEY_UIStatusBarStyle[sdk=iphonesimulator*]" = UIStatusBarStyleDefault;
				INFOPLIST_KEY_UISupportedInterfaceOrientations_iPad = "UIInterfaceOrientationPortrait UIInterfaceOrientationPortraitUpsideDown UIInterfaceOrientationLandscapeLeft UIInterfaceOrientationLandscapeRight";
				INFOPLIST_KEY_UISupportedInterfaceOrientations_iPhone = "UIInterfaceOrientationPortrait UIInterfaceOrientationLandscapeLeft UIInterfaceOrientationLandscapeRight";
				IPHONEOS_DEPLOYMENT_TARGET = 17.5;
				LD_RUNPATH_SEARCH_PATHS = "@executable_path/Frameworks";
				"LD_RUNPATH_SEARCH_PATHS[sdk=macosx*]" = "@executable_path/../Frameworks";
				MACOSX_DEPLOYMENT_TARGET = 14.5;
				MARKETING_VERSION = 1.0;
				PRODUCT_BUNDLE_IDENTIFIER = yanasychevska.TelegramLikeSharedView;
				PRODUCT_NAME = "$(TARGET_NAME)";
				SDKROOT = auto;
				SUPPORTED_PLATFORMS = "iphoneos iphonesimulator";
				SUPPORTS_MACCATALYST = NO;
				SWIFT_EMIT_LOC_STRINGS = YES;
				SWIFT_VERSION = 5.0;
				TARGETED_DEVICE_FAMILY = 1;
			};
			name = Debug;
		};
		6E23CA182C5B32E100EADBAC /* Release */ = {
			isa = XCBuildConfiguration;
			buildSettings = {
				ALWAYS_EMBED_SWIFT_STANDARD_LIBRARIES = YES;
				ASSETCATALOG_COMPILER_APPICON_NAME = AppIcon;
				ASSETCATALOG_COMPILER_GLOBAL_ACCENT_COLOR_NAME = AccentColor;
				CODE_SIGN_ENTITLEMENTS = TelegramLikeSharedView/TelegramLikeSharedView.entitlements;
				CODE_SIGN_STYLE = Automatic;
				CURRENT_PROJECT_VERSION = 1;
				DEVELOPMENT_ASSET_PATHS = "\"TelegramLikeSharedView/Preview Content\"";
				DEVELOPMENT_TEAM = BMU5QSBAWB;
				ENABLE_HARDENED_RUNTIME = YES;
				ENABLE_PREVIEWS = YES;
				GENERATE_INFOPLIST_FILE = YES;
				"INFOPLIST_KEY_UIApplicationSceneManifest_Generation[sdk=iphoneos*]" = YES;
				"INFOPLIST_KEY_UIApplicationSceneManifest_Generation[sdk=iphonesimulator*]" = YES;
				"INFOPLIST_KEY_UIApplicationSupportsIndirectInputEvents[sdk=iphoneos*]" = YES;
				"INFOPLIST_KEY_UIApplicationSupportsIndirectInputEvents[sdk=iphonesimulator*]" = YES;
				"INFOPLIST_KEY_UILaunchScreen_Generation[sdk=iphoneos*]" = YES;
				"INFOPLIST_KEY_UILaunchScreen_Generation[sdk=iphonesimulator*]" = YES;
				"INFOPLIST_KEY_UIStatusBarStyle[sdk=iphoneos*]" = UIStatusBarStyleDefault;
				"INFOPLIST_KEY_UIStatusBarStyle[sdk=iphonesimulator*]" = UIStatusBarStyleDefault;
				INFOPLIST_KEY_UISupportedInterfaceOrientations_iPad = "UIInterfaceOrientationPortrait UIInterfaceOrientationPortraitUpsideDown UIInterfaceOrientationLandscapeLeft UIInterfaceOrientationLandscapeRight";
				INFOPLIST_KEY_UISupportedInterfaceOrientations_iPhone = "UIInterfaceOrientationPortrait UIInterfaceOrientationLandscapeLeft UIInterfaceOrientationLandscapeRight";
				IPHONEOS_DEPLOYMENT_TARGET = 17.5;
				LD_RUNPATH_SEARCH_PATHS = "@executable_path/Frameworks";
				"LD_RUNPATH_SEARCH_PATHS[sdk=macosx*]" = "@executable_path/../Frameworks";
				MACOSX_DEPLOYMENT_TARGET = 14.5;
				MARKETING_VERSION = 1.0;
				PRODUCT_BUNDLE_IDENTIFIER = yanasychevska.TelegramLikeSharedView;
				PRODUCT_NAME = "$(TARGET_NAME)";
				SDKROOT = auto;
				SUPPORTED_PLATFORMS = "iphoneos iphonesimulator";
				SUPPORTS_MACCATALYST = NO;
				SWIFT_EMIT_LOC_STRINGS = YES;
				SWIFT_VERSION = 5.0;
				TARGETED_DEVICE_FAMILY = 1;
			};
			name = Release;
		};
		6E23CA292C5B32FA00EADBAC /* Debug */ = {
			isa = XCBuildConfiguration;
			buildSettings = {
				CODE_SIGN_ENTITLEMENTS = Share/Share.entitlements;
				CODE_SIGN_STYLE = Automatic;
				CURRENT_PROJECT_VERSION = 1;
				DEVELOPMENT_TEAM = BMU5QSBAWB;
				GENERATE_INFOPLIST_FILE = YES;
				INFOPLIST_FILE = Share/Info.plist;
				INFOPLIST_KEY_CFBundleDisplayName = Share;
				INFOPLIST_KEY_NSHumanReadableCopyright = "";
				IPHONEOS_DEPLOYMENT_TARGET = 17.5;
				LD_RUNPATH_SEARCH_PATHS = (
					"$(inherited)",
					"@executable_path/Frameworks",
					"@executable_path/../../Frameworks",
				);
				MARKETING_VERSION = 1.0;
				PRODUCT_BUNDLE_IDENTIFIER = yanasychevska.TelegramLikeSharedView.Share;
				PRODUCT_NAME = "$(TARGET_NAME)";
				SDKROOT = iphoneos;
				SKIP_INSTALL = YES;
				SUPPORTED_PLATFORMS = "iphoneos iphonesimulator";
				SUPPORTS_MACCATALYST = NO;
				SUPPORTS_MAC_DESIGNED_FOR_IPHONE_IPAD = NO;
				SUPPORTS_XR_DESIGNED_FOR_IPHONE_IPAD = NO;
				SWIFT_EMIT_LOC_STRINGS = YES;
				SWIFT_VERSION = 5.0;
				TARGETED_DEVICE_FAMILY = 1;
			};
			name = Debug;
		};
		6E23CA2A2C5B32FA00EADBAC /* Release */ = {
			isa = XCBuildConfiguration;
			buildSettings = {
				CODE_SIGN_ENTITLEMENTS = Share/Share.entitlements;
				CODE_SIGN_STYLE = Automatic;
				CURRENT_PROJECT_VERSION = 1;
				DEVELOPMENT_TEAM = BMU5QSBAWB;
				GENERATE_INFOPLIST_FILE = YES;
				INFOPLIST_FILE = Share/Info.plist;
				INFOPLIST_KEY_CFBundleDisplayName = Share;
				INFOPLIST_KEY_NSHumanReadableCopyright = "";
				IPHONEOS_DEPLOYMENT_TARGET = 17.5;
				LD_RUNPATH_SEARCH_PATHS = (
					"$(inherited)",
					"@executable_path/Frameworks",
					"@executable_path/../../Frameworks",
				);
				MARKETING_VERSION = 1.0;
				PRODUCT_BUNDLE_IDENTIFIER = yanasychevska.TelegramLikeSharedView.Share;
				PRODUCT_NAME = "$(TARGET_NAME)";
				SDKROOT = iphoneos;
				SKIP_INSTALL = YES;
				SUPPORTED_PLATFORMS = "iphoneos iphonesimulator";
				SUPPORTS_MACCATALYST = NO;
				SUPPORTS_MAC_DESIGNED_FOR_IPHONE_IPAD = NO;
				SUPPORTS_XR_DESIGNED_FOR_IPHONE_IPAD = NO;
				SWIFT_EMIT_LOC_STRINGS = YES;
				SWIFT_VERSION = 5.0;
				TARGETED_DEVICE_FAMILY = 1;
				VALIDATE_PRODUCT = YES;
			};
			name = Release;
		};
/* End XCBuildConfiguration section */

/* Begin XCConfigurationList section */
		6E23CA022C5B32E100EADBAC /* Build configuration list for PBXProject "TelegramLikeSharedView" */ = {
			isa = XCConfigurationList;
			buildConfigurations = (
				6E23CA142C5B32E100EADBAC /* Debug */,
				6E23CA152C5B32E100EADBAC /* Release */,
			);
			defaultConfigurationIsVisible = 0;
			defaultConfigurationName = Release;
		};
		6E23CA162C5B32E100EADBAC /* Build configuration list for PBXNativeTarget "TelegramLikeSharedView" */ = {
			isa = XCConfigurationList;
			buildConfigurations = (
				6E23CA172C5B32E100EADBAC /* Debug */,
				6E23CA182C5B32E100EADBAC /* Release */,
			);
			defaultConfigurationIsVisible = 0;
			defaultConfigurationName = Release;
		};
		6E23CA282C5B32FA00EADBAC /* Build configuration list for PBXNativeTarget "Share" */ = {
			isa = XCConfigurationList;
			buildConfigurations = (
				6E23CA292C5B32FA00EADBAC /* Debug */,
				6E23CA2A2C5B32FA00EADBAC /* Release */,
			);
			defaultConfigurationIsVisible = 0;
			defaultConfigurationName = Release;
		};
/* End XCConfigurationList section */
	};
	rootObject = 6E23C9FF2C5B32E100EADBAC /* Project object */;
}
